
Microsoft Visual Studio Solution File, Format Version 12.00
# Visual Studio Version 17
VisualStudioVersion = 17.14.37216.2 d17.14
MinimumVisualStudioVersion = 10.0.40219.1
Project("{FAE04EC0-301F-11D3-BF4B-00C04F79EFBC}") = "D201-Assignment-01", "D201-Assignment-01.csproj", "{C3DA01EF-6A92-4EB3-88FC-67354F9015C3}"
EndProject
Global
	GlobalSection(SolutionConfigurationPlatforms) = preSolution
		Debug|Any CPU = Debug|Any CPU
		Release|Any CPU = Release|Any CPU
	EndGlobalSection
	GlobalSection(ProjectConfigurationPlatforms) = postSolution
		{C3DA01EF-6A92-4EB3-88FC-67354F9015C3}.Debug|Any CPU.ActiveCfg = Debug|Any CPU
		{C3DA01EF-6A92-4EB3-88FC-67354F9015C3}.Debug|Any CPU.Build.0 = Debug|Any CPU
		{C3DA01EF-6A92-4EB3-88FC-67354F9015C3}.Release|Any CPU.ActiveCfg = Release|Any CPU
		{C3DA01EF-6A92-4EB3-88FC-67354F9015C3}.Release|Any CPU.Build.0 = Release|Any CPU
	EndGlobalSection
	GlobalSection(SolutionProperties) = preSolution
		HideSolutionNode = FALSE
	EndGlobalSection
	GlobalSection(ExtensibilityGlobals) = postSolution
		SolutionGuid = {A08887C9-55AF-4510-ADF0-F9D2B811A629}
	EndGlobalSection
EndGlobal
